GEM
  remote: https://rubygems.org/
  specs:
    activesupport (8.1.3.1)
      base64
      bigdecimal
      concurrent-ruby (~> 1.0, >= 1.3.1)
      connection_pool (>= 2.2.5)
      drb
      i18n (>= 1.6, < 2)
      json
      logger (>= 1.4.2)
      minitest (>= 5.1)
      securerandom (>= 0.3)
      tzinfo (~> 2.0, >= 2.0.5)
      uri (>= 0.13.1)
    addressable (2.9.0)
      public_suffix (>= 2.0.2, < 8.0)
    async (2.45.1)
      console (~> 1.29)
      fiber-annotation
      io-event (~> 1.21)
    async-http (0.103.0)
      async (>= 2.35.1)
      async-pool (~> 0.12)
      io-endpoint (~> 0.18)
      io-stream (~> 0.14)
      protocol-http (~> 0.66)
      protocol-http1 (~> 0.41)
      protocol-http2 (~> 0.28)
      protocol-url (~> 0.2)
    async-http-faraday (0.23.0)
      async-http (~> 0.42)
      faraday
    async-pool (0.12.0)
      async (>= 2.0)
    base64 (0.3.0)
    benchmark (0.5.0)
    bigdecimal (4.1.2)
    concurrent-ruby (1.3.8)
    connection_pool (3.0.2)
    console (1.37.0)
      fiber-annotation
      fiber-local (~> 1.1)
      json
    drb (2.2.3)
    faraday (2.14.3)
      faraday-net_http (>= 2.0, < 3.5)
      json
      logger
    faraday-http-cache (2.7.0)
      faraday (>= 0.8)
    faraday-net_http (3.4.4)
      net-http (~> 0.5)
    fiber-annotation (0.2.0)
    fiber-local (1.1.0)
      fiber-storage
    fiber-storage (1.0.1)
    github_changelog_generator (1.18.0)
      activesupport
      async (>= 1.25.0)
      async-http-faraday
      benchmark
      faraday-http-cache
      octokit (~> 4.6)
      rainbow (>= 2.2.1)
      rake (>= 10.0)
    i18n (1.15.2)
      concurrent-ruby (~> 1.0)
    io-endpoint (0.18.0)
      openssl (>= 3.3.0)
    io-event (1.21.1)
    io-stream (0.14.0)
      openssl (>= 3.3)
    json (3.0.0)
    logger (1.7.0)
    minitest (6.0.6)
      drb (~> 2.0)
      prism (~> 1.5)
    net-http (0.9.1)
      uri (>= 0.11.1)
    octokit (4.25.1)
      faraday (>= 1, < 3)
      sawyer (~> 0.9)
    openssl (4.0.2)
    prism (1.9.0)
    protocol-hpack (1.5.1)
    protocol-http (0.71.0)
    protocol-http1 (0.41.0)
      protocol-http (~> 0.68)
    protocol-http2 (0.28.0)
      protocol-hpack (~> 1.4)
      protocol-http (~> 0.62)
    protocol-url (0.19.0)
    public_suffix (7.0.5)
    rainbow (3.1.1)
    rake (13.4.2)
    sawyer (0.9.3)
      addressable (>= 2.3.5)
      faraday (>= 0.17.3, < 3)
    securerandom (0.4.1)
    tzinfo (2.0.6)
      concurrent-ruby (~> 1.0)
    uri (1.1.1)

PLATFORMS
  arm64-darwin-25
  ruby

DEPENDENCIES
  github_changelog_generator (~> 1.16)

CHECKSUMS
  activesupport (8.1.3.1) sha256=85458765f25ea48b9019c46b6bb3fa5683197bf4280d9f06710a6e8d7a831376
  addressable (2.9.0) sha256=7fdf6ac3660f7f4e867a0838be3f6cf722ace541dd97767fa42bc6cfa980c7af
  async (2.45.1) sha256=95849f7432eca535146c69f3078dab3c7228d0075ed71f48733f3e585dd7c267
  async-http (0.103.0) sha256=137e3d5d419f7d72d5fa33cf04f30232e79c57b690025a650b8f9e48ece8bc41
  async-http-faraday (0.23.0) sha256=fd2d3c5225d5289f5c2eafe0324cc12a068e94cde5631efe23c0aa2f9d820def
  async-pool (0.12.0) sha256=5580493dc024bd704dab2ed0bf1307100722e49cbb825c7965f8501194f58506
  base64 (0.3.0) sha256=27337aeabad6ffae05c265c450490628ef3ebd4b67be58257393227588f5a97b
  benchmark (0.5.0) sha256=465df122341aedcb81a2a24b4d3bd19b6c67c1530713fd533f3ff034e419236c
  bigdecimal (4.1.2) sha256=53d217666027eab4280346fba98e7d5b66baaae1b9c3c1c0ffe89d48188a3fbd
  concurrent-ruby (1.3.8) sha256=b2f1be836e968ccc78ccfce277ea79c72a88633f22306782c16ff23fb415d1e1
  connection_pool (3.0.2) sha256=33fff5ba71a12d2aa26cb72b1db8bba2a1a01823559fb01d29eb74c286e62e0a
  console (1.37.0) sha256=8093b286c2595a063849c098594fee5155ecc7967d36f3aa8cbe7569c8f3efd7
  drb (2.2.3) sha256=0b00d6fdb50995fe4a45dea13663493c841112e4068656854646f418fda13373
  faraday (2.14.3) sha256=1882247e6766615c8220b4392bf1d27f6ebb63d8e28267587cef1fb0bf37f278
  faraday-http-cache (2.7.0) sha256=cd7ac4bbe6c08592ea7af6655f98b2f76c4db0bad31bf40340df5aad719f0d89
  faraday-net_http (3.4.4) sha256=0e78af151747ed1b00f33e25973b4bc220d7f16c00c39676817c8b12331eb588
  fiber-annotation (0.2.0) sha256=7abfadf1d119f508867d4103bf231c0354d019cc39a5738945dec2edadaf6c03
  fiber-local (1.1.0) sha256=c885f94f210fb9b05737de65d511136ea602e00c5105953748aa0f8793489f06
  fiber-storage (1.0.1) sha256=f48e5b6d8b0be96dac486332b55cee82240057065dc761c1ea692b2e719240e1
  github_changelog_generator (1.18.0) sha256=f6ad4c53a14e8d1e440492f5a7b3d0a4c76e072add568e78b437510b2f02d000
  i18n (1.15.2) sha256=00f9eb62412fe593b2a65a97daa75300d37abb8f7202ec748e94b6d46a9dd1b5
  io-endpoint (0.18.0) sha256=720d186bcd584e8ba490bfc91dab332cc3c5ffee848b5b03894555cb275151aa
  io-event (1.21.1) sha256=b3088f89ad67edf9be9fc2f48a5fae0790e92862487551eeb337b49098eb99e6
  io-stream (0.14.0) sha256=07d9b13ea2066ccbbc761fff8d69ad5a31e47561d31e02cc271f3ed9c1a8f1cd
  json (3.0.0) sha256=1ff82a28c05c5cc7b646f3e3a3ac710e4ae2aa933690cba12f1f650b0ecdeb99
  logger (1.7.0) sha256=196edec7cc44b66cfb40f9755ce11b392f21f7967696af15d274dde7edff0203
  minitest (6.0.6) sha256=153ea36d1d987a62942382b61075745042a2b3123b1cd48f4c3675af9cc7d6f1
  net-http (0.9.1) sha256=25ba0b67c63e89df626ed8fac771d0ad24ad151a858af2cc8e6a716ca4336996
  octokit (4.25.1) sha256=c02092ee82dcdfe84db0e0ea630a70d32becc54245a4f0bacfd21c010df09b96
  openssl (4.0.2) sha256=1037ad2868ae58df9ad917891c0c0f9815a1172f6846d4bcdd508e4c2ee747c2
  prism (1.9.0) sha256=7b530c6a9f92c24300014919c9dcbc055bf4cdf51ec30aed099b06cd6674ef85
  protocol-hpack (1.5.1) sha256=6feca238b8078da1cd295677d6f306c6001af92d75fe0643d33e6956cbc3ad91
  protocol-http (0.71.0) sha256=38577bf3df0bf0c3f7ee7e21b43fcb4bd7624e36f697dbe9c3eea344f14bd9ba
  protocol-http1 (0.41.0) sha256=9863874a1228948a896c3e7ea16d13a680c8f3ed50706007c78b7033018b0ea3
  protocol-http2 (0.28.0) sha256=b7c6195dcfa80ec2484670e9fd8fc21024cc654a391aa0792433aff1188c1691
  protocol-url (0.19.0) sha256=3f6b9f6aa742a259a0b3610fbbd9685dcd9506adf6734f428ff96259faabfb21
  public_suffix (7.0.5) sha256=1a8bb08f1bbea19228d3bed6e5ed908d1cb4f7c2726d18bd9cadf60bc676f623
  rainbow (3.1.1) sha256=039491aa3a89f42efa1d6dec2fc4e62ede96eb6acd95e52f1ad581182b79bc6a
  rake (13.4.2) sha256=cb825b2bd5f1f8e91ca37bddb4b9aaf345551b4731da62949be002fa89283701
  sawyer (0.9.3) sha256=0d0f19298408047037638639fe62f4794483fb04320269169bd41af2bdcf5e41
  securerandom (0.4.1) sha256=cc5193d414a4341b6e225f0cb4446aceca8e50d5e1888743fac16987638ea0b1
  tzinfo (2.0.6) sha256=8daf828cc77bcf7d63b0e3bdb6caa47e2272dcfaf4fbfe46f8c3a9df087a829b
  uri (1.1.1) sha256=379fa58d27ffb1387eaada68c749d1426738bd0f654d812fcc07e7568f5c57c6

BUNDLED WITH
  4.0.16
